
Microsoft Visual Studio Solution File, Format Version 12.00
# Visual Studio Version 17
VisualStudioVersion = 17.8.34408.163
MinimumVisualStudioVersion = 10.0.40219.1
Project("{9A19103F-16F7-4668-BE54-9A1E7A4F7556}") = "LMS1", "LMS1\LMS1.csproj", "{58C4C8F8-D891-4FC4-9DF6-7C06014AB553}"
EndProject
Project("{2150E333-8FDC-42A3-9474-1A3956D46DE8}") = "Solution Items", "Solution Items", "{F9C750DB-716E-4374-8838-FD1EB41A1778}"
	ProjectSection(SolutionItems) = preProject
		.editorconfig = .editorconfig
	EndProjectSection
EndProject
Global
	GlobalSection(SolutionConfigurationPlatforms) = preSolution
		Debug|Any CPU = Debug|Any CPU
		Release|Any CPU = Release|Any CPU
	EndGlobalSection
	GlobalSection(ProjectConfigurationPlatforms) = postSolution
		{58C4C8F8-D891-4FC4-9DF6-7C06014AB553}.Debug|Any CPU.ActiveCfg = Debug|Any CPU
		{58C4C8F8-D891-4FC4-9DF6-7C06014AB553}.Debug|Any CPU.Build.0 = Debug|Any CPU
		{58C4C8F8-D891-4FC4-9DF6-7C06014AB553}.Release|Any CPU.ActiveCfg = Release|Any CPU
		{58C4C8F8-D891-4FC4-9DF6-7C06014AB553}.Release|Any CPU.Build.0 = Release|Any CPU
	EndGlobalSection
	GlobalSection(SolutionProperties) = preSolution
		HideSolutionNode = FALSE
	EndGlobalSection
	GlobalSection(ExtensibilityGlobals) = postSolution
		SolutionGuid = {4C895FCA-7A85-499D-866D-3614D2F45006}
	EndGlobalSection
EndGlobal
